
Microsoft Visual Studio Solution File, Format Version 12.00
# Visual Studio 2012
Project("{FAE04EC0-301F-11D3-BF4B-00C04F79EFBC}") = "MerchantGuideToGalaxy", "MerchantGuideToGalaxy\MerchantGuideToGalaxy.csproj", "{BFC22C97-9806-44C6-BCD2-06961E373B4F}"
EndProject
Project("{FAE04EC0-301F-11D3-BF4B-00C04F79EFBC}") = "Tests", "Tests\Tests.csproj", "{980E603D-BDCF-4423-930F-C9B38B255C3C}"
EndProject
Global
	GlobalSection(SolutionConfigurationPlatforms) = preSolution
		Debug|Any CPU = Debug|Any CPU
		Release|Any CPU = Release|Any CPU
	EndGlobalSection
	GlobalSection(ProjectConfigurationPlatforms) = postSolution
		{BFC22C97-9806-44C6-BCD2-06961E373B4F}.Debug|Any CPU.ActiveCfg = Debug|Any CPU
		{BFC22C97-9806-44C6-BCD2-06961E373B4F}.Debug|Any CPU.Build.0 = Debug|Any CPU
		{BFC22C97-9806-44C6-BCD2-06961E373B4F}.Release|Any CPU.ActiveCfg = Release|Any CPU
		{BFC22C97-9806-44C6-BCD2-06961E373B4F}.Release|Any CPU.Build.0 = Release|Any CPU
		{980E603D-BDCF-4423-930F-C9B38B255C3C}.Debug|Any CPU.ActiveCfg = Debug|Any CPU
		{980E603D-BDCF-4423-930F-C9B38B255C3C}.Debug|Any CPU.Build.0 = Debug|Any CPU
		{980E603D-BDCF-4423-930F-C9B38B255C3C}.Release|Any CPU.ActiveCfg = Release|Any CPU
		{980E603D-BDCF-4423-930F-C9B38B255C3C}.Release|Any CPU.Build.0 = Release|Any CPU
	EndGlobalSection
	GlobalSection(SolutionProperties) = preSolution
		HideSolutionNode = FALSE
	EndGlobalSection
EndGlobal
